
Microsoft Visual Studio Solution File, Format Version 12.00
# Visual Studio 2013
VisualStudioVersion = 12.0.31101.0
MinimumVisualStudioVersion = 10.0.40219.1
Project("{FAE04EC0-301F-11D3-BF4B-00C04F79EFBC}") = "Ex3.GarageManagmentSystem.ConsoleUI", "Ex3.GarageManagmentSystem.ConsoleUI\Ex3.GarageManagmentSystem.ConsoleUI.csproj", "{21A78C64-54BC-4945-9BB8-C2806C59F3DF}"
EndProject
Project("{FAE04EC0-301F-11D3-BF4B-00C04F79EFBC}") = "Ex03.GarageLogic", "Ex03.GarageLogic\Ex03.GarageLogic.csproj", "{96E5A009-7FE3-4EC9-AA9E-7B8515DC22B9}"
EndProject
Global
	GlobalSection(SolutionConfigurationPlatforms) = preSolution
		Debug|Any CPU = Debug|Any CPU
		Release|Any CPU = Release|Any CPU
	EndGlobalSection
	GlobalSection(ProjectConfigurationPlatforms) = postSolution
		{21A78C64-54BC-4945-9BB8-C2806C59F3DF}.Debug|Any CPU.ActiveCfg = Debug|Any CPU
		{21A78C64-54BC-4945-9BB8-C2806C59F3DF}.Debug|Any CPU.Build.0 = Debug|Any CPU
		{21A78C64-54BC-4945-9BB8-C2806C59F3DF}.Release|Any CPU.ActiveCfg = Release|Any CPU
		{21A78C64-54BC-4945-9BB8-C2806C59F3DF}.Release|Any CPU.Build.0 = Release|Any CPU
		{96E5A009-7FE3-4EC9-AA9E-7B8515DC22B9}.Debug|Any CPU.ActiveCfg = Debug|Any CPU
		{96E5A009-7FE3-4EC9-AA9E-7B8515DC22B9}.Debug|Any CPU.Build.0 = Debug|Any CPU
		{96E5A009-7FE3-4EC9-AA9E-7B8515DC22B9}.Release|Any CPU.ActiveCfg = Release|Any CPU
		{96E5A009-7FE3-4EC9-AA9E-7B8515DC22B9}.Release|Any CPU.Build.0 = Release|Any CPU
	EndGlobalSection
	GlobalSection(SolutionProperties) = preSolution
		HideSolutionNode = FALSE
	EndGlobalSection
EndGlobal
